# THIS IS AN AUTOGENERATED FILE. DO NOT EDIT THIS FILE DIRECTLY.
# yarn lockfile v1


"@adraffy/ens-normalize@1.10.1":
  version "1.10.1"
  resolved "https://registry.npmjs.org/@adraffy/ens-normalize/-/ens-normalize-1.10.1.tgz#63430d04bd8c5e74f8d7d049338f1cd9d4f02069"
  integrity sha512-96Z2IP3mYmF1Xg2cDm8f1gWGf/HUVedQ3FMifV4kG/PQ4yEP51xDtRAEfhVNt5f/uzpNkZHwWQuUcu6D6K+Ekw==

"@ethereumjs/common@^4.1.0", "@ethereumjs/common@^4.2.0":
  version "4.2.0"
  resolved "https://registry.npmjs.org/@ethereumjs/common/-/common-4.2.0.tgz#c5ccaeb71f5a9833c66ab35c22f9f965ce462ace"
  integrity sha512-UWqovZQksxEY9cU+s1cF3JwFyJdKrJsURM+ORHpZZLQfsqQf+1uGbD3N0AvQ7M+Jz/LxkiVY98+Cd3OMzsrOcA==
  dependencies:
    "@ethereumjs/util" "^9.0.2"

"@ethereumjs/rlp@^5.0.2":
  version "5.0.2"
  resolved "https://registry.npmjs.org/@ethereumjs/rlp/-/rlp-5.0.2.tgz#c89bd82f2f3bec248ab2d517ae25f5bbc4aac842"
  integrity sha512-DziebCdg4JpGlEqEdGgXmjqcFoJi+JGulUXwEjsZGAscAQ7MyD/7LE/GVCP29vEQxKc7AAwjT3A2ywHp2xfoCA==

"@ethereumjs/tx@^5.1.0":
  version "5.2.1"
  resolved "https://registry.npmjs.org/@ethereumjs/tx/-/tx-5.2.1.tgz#c9965374eafebd3421bdd23b4f23f402e9a41037"
  integrity sha512-BzdtUaa7KtP8T5NxJWRxo/RBoJzxYeCdx2n2C4zZLuWJBYVccfcyMiyDgr6W78Utmu/jIfGXknfh2t06+rTkiw==
  dependencies:
    "@ethereumjs/common" "^4.2.0"
    "@ethereumjs/rlp" "^5.0.2"
    "@ethereumjs/util" "^9.0.2"
    ethereum-cryptography "^2.1.3"

"@ethereumjs/util@^9.0.2":
  version "9.0.2"
  resolved "https://registry.npmjs.org/@ethereumjs/util/-/util-9.0.2.tgz#2719337cd43d70941491c41e3367d7b87078f847"
  integrity sha512-dasKCj6Vb5spVPnNmRDFHmbfBySvokE440F0RDroPLzO4Mb4hyDqeoOMUxlbLz/BscK2pOpWUendGA+AOvGpNQ==
  dependencies:
    "@ethereumjs/rlp" "^5.0.2"
    ethereum-cryptography "^2.1.3"

"@noble/curves@1.2.0":
  version "1.2.0"
  resolved "https://registry.npmjs.org/@noble/curves/-/curves-1.2.0.tgz#92d7e12e4e49b23105a2555c6984d41733d65c35"
  integrity sha512-oYclrNgRaM9SsBUBVbb8M6DTV7ZHRTKugureoYEncY5c65HOmRzvSiTE3y5CYaPYJA/GVkrhXEoF0M3Ya9PMnw==
  dependencies:
    "@noble/hashes" "1.3.2"

"@noble/curves@1.3.0", "@noble/curves@~1.3.0":
  version "1.3.0"
  resolved "https://registry.npmjs.org/@noble/curves/-/curves-1.3.0.tgz#01be46da4fd195822dab821e72f71bf4aeec635e"
  integrity sha512-t01iSXPuN+Eqzb4eBX0S5oubSqXbK/xXa1Ne18Hj8f9pStxztHCE2gfboSp/dZRLSqfuLpRK2nDXDK+W9puocA==
  dependencies:
    "@noble/hashes" "1.3.3"

"@noble/hashes@1.3.2":
  version "1.3.2"
  resolved "https://registry.npmjs.org/@noble/hashes/-/hashes-1.3.2.tgz#6f26dbc8fbc7205873ce3cee2f690eba0d421b39"
  integrity sha512-MVC8EAQp7MvEcm30KWENFjgR+Mkmf+D189XJTkFIlwohU5hcBbn1ZkKq7KVTi2Hme3PMGF390DaL52beVrIihQ==

"@noble/hashes@1.3.3", "@noble/hashes@~1.3.2":
  version "1.3.3"
  resolved "https://registry.npmjs.org/@noble/hashes/-/hashes-1.3.3.tgz#39908da56a4adc270147bb07968bf3b16cfe1699"
  integrity sha512-V7/fPHgl+jsVPXqqeOzT8egNj2iBIVt+ECeMMG8TdcnTikP3oaBtUVqpT/gYCR68aEBJSF+XbYUxStjbFMqIIA==

"@scure/base@~1.1.4":
  version "1.1.5"
  resolved "https://registry.npmjs.org/@scure/base/-/base-1.1.5.tgz#1d85d17269fe97694b9c592552dd9e5e33552157"
  integrity sha512-Brj9FiG2W1MRQSTB212YVPRrcbjkv48FoZi/u4l/zds/ieRrqsh7aUf6CLwkAq61oKXr/ZlTzlY66gLIj3TFTQ==

"@scure/bip32@1.3.3":
  version "1.3.3"
  resolved "https://registry.npmjs.org/@scure/bip32/-/bip32-1.3.3.tgz#a9624991dc8767087c57999a5d79488f48eae6c8"
  integrity sha512-LJaN3HwRbfQK0X1xFSi0Q9amqOgzQnnDngIt+ZlsBC3Bm7/nE7K0kwshZHyaru79yIVRv/e1mQAjZyuZG6jOFQ==
  dependencies:
    "@noble/curves" "~1.3.0"
    "@noble/hashes" "~1.3.2"
    "@scure/base" "~1.1.4"

"@scure/bip39@1.2.2":
  version "1.2.2"
  resolved "https://registry.npmjs.org/@scure/bip39/-/bip39-1.2.2.tgz#f3426813f4ced11a47489cbcf7294aa963966527"
  integrity sha512-HYf9TUXG80beW+hGAt3TRM8wU6pQoYur9iNypTROm42dorCGmLnFe3eWjz3gOq6G62H2WRh0FCzAR1PI+29zIA==
  dependencies:
    "@noble/hashes" "~1.3.2"
    "@scure/base" "~1.1.4"

"@types/node@18.15.13":
  version "18.15.13"
  resolved "https://registry.npmjs.org/@types/node/-/node-18.15.13.tgz#f64277c341150c979e42b00e4ac289290c9df469"
  integrity sha512-N+0kuo9KgrUQ1Sn/ifDXsvg0TTleP7rIy4zOBGECxAljqvqfqpTfzx0Q1NUedOixRMBfe2Whhb056a42cWs26Q==

aes-js@4.0.0-beta.5:
  version "4.0.0-beta.5"
  resolved "https://registry.npmjs.org/aes-js/-/aes-js-4.0.0-beta.5.tgz#8d2452c52adedebc3a3e28465d858c11ca315873"
  integrity sha512-G965FqalsNyrPqgEGON7nIx1e/OVENSgiEIzyC63haUMuvNnwIgIjMs52hlTCKhkBny7A2ORNlfY9Zu+jmGk1Q==

asynckit@^0.4.0:
  version "0.4.0"
  resolved "https://registry.npmjs.org/asynckit/-/asynckit-0.4.0.tgz#c79ed97f7f34cb8f2ba1bc9790bcc366474b4b79"
  integrity sha512-Oei9OH4tRh0YqU3GxhX79dM/mwVgvbZJaSNaRk+bshkj0S5cfHcgYakreBjrHwatXKbz+IoIdYLxrKim2MjW0Q==

axios@^1.4.0:
  version "1.6.7"
  resolved "https://registry.npmjs.org/axios/-/axios-1.6.7.tgz#7b48c2e27c96f9c68a2f8f31e2ab19f59b06b0a7"
  integrity sha512-/hDJGff6/c7u0hDkvkGxR/oy6CbCs8ziCsC7SqmhjfozqiJGc8Z11wrv9z9lYfY4K8l+H9TpjcMDX0xOZmx+RA==
  dependencies:
    follow-redirects "^1.15.4"
    form-data "^4.0.0"
    proxy-from-env "^1.1.0"

combined-stream@^1.0.8:
  version "1.0.8"
  resolved "https://registry.npmjs.org/combined-stream/-/combined-stream-1.0.8.tgz#c3d45a8b34fd730631a110a8a2520682b31d5a7f"
  integrity sha512-FQN4MRfuJeHf7cBbBMJFXhKSDq+2kAArBlmRBvcvFE5BB1HZKXtSFASDhdlz9zOYwxh8lDdnvmMOe/+5cdoEdg==
  dependencies:
    delayed-stream "~1.0.0"

delayed-stream@~1.0.0:
  version "1.0.0"
  resolved "https://registry.npmjs.org/delayed-stream/-/delayed-stream-1.0.0.tgz#df3ae199acadfb7d440aaae0b29e2272b24ec619"
  integrity sha512-ZySD7Nf91aLB0RxL4KGrKHBXl7Eds1DAmEdcoVawXnLD7SDhpNgtuII2aAkg7a7QS41jxPSZ17p4VdGnMHk3MQ==

dotenv@^16.4.5:
  version "16.4.5"
  resolved "https://registry.npmjs.org/dotenv/-/dotenv-16.4.5.tgz#cdd3b3b604cb327e286b4762e13502f717cb099f"
  integrity sha512-ZmdL2rui+eB2YwhsWzjInR8LldtZHGDoQ1ugH85ppHKwpUHL7j7rN0Ti9NCnGiQbhaZ11FpR+7ao1dNsmduNUg==

ethereum-cryptography@^2.1.3:
  version "2.1.3"
  resolved "https://registry.npmjs.org/ethereum-cryptography/-/ethereum-cryptography-2.1.3.tgz#1352270ed3b339fe25af5ceeadcf1b9c8e30768a"
  integrity sha512-BlwbIL7/P45W8FGW2r7LGuvoEZ+7PWsniMvQ4p5s2xCyw9tmaDlpfsN9HjAucbF+t/qpVHwZUisgfK24TCW8aA==
  dependencies:
    "@noble/curves" "1.3.0"
    "@noble/hashes" "1.3.3"
    "@scure/bip32" "1.3.3"
    "@scure/bip39" "1.2.2"

ethers@^6.9.1:
  version "6.11.1"
  resolved "https://registry.npmjs.org/ethers/-/ethers-6.11.1.tgz#96aae00b627c2e35f9b0a4d65c7ab658259ee6af"
  integrity sha512-mxTAE6wqJQAbp5QAe/+o+rXOID7Nw91OZXvgpjDa1r4fAbq2Nu314oEZSbjoRLacuCzs7kUC3clEvkCQowffGg==
  dependencies:
    "@adraffy/ens-normalize" "1.10.1"
    "@noble/curves" "1.2.0"
    "@noble/hashes" "1.3.2"
    "@types/node" "18.15.13"
    aes-js "4.0.0-beta.5"
    tslib "2.4.0"
    ws "8.5.0"

follow-redirects@^1.15.4:
  version "1.15.5"
  resolved "https://registry.npmjs.org/follow-redirects/-/follow-redirects-1.15.5.tgz#54d4d6d062c0fa7d9d17feb008461550e3ba8020"
  integrity sha512-vSFWUON1B+yAw1VN4xMfxgn5fTUiaOzAJCKBwIIgT/+7CuGy9+r+5gITvP62j3RmaD5Ph65UaERdOSRGUzZtgw==

form-data@^4.0.0:
  version "4.0.0"
  resolved "https://registry.npmjs.org/form-data/-/form-data-4.0.0.tgz#93919daeaf361ee529584b9b31664dc12c9fa452"
  integrity sha512-ETEklSGi5t0QMZuiXoA/Q6vcnxcLQP5vdugSpuAyi6SVGi2clPPp+xgEhuMaHC+zGgn31Kd235W35f7Hykkaww==
  dependencies:
    asynckit "^0.4.0"
    combined-stream "^1.0.8"
    mime-types "^2.1.12"

kzg-wasm@^0.2.0:
  version "0.2.0"
  resolved "https://registry.npmjs.org/kzg-wasm/-/kzg-wasm-0.2.0.tgz#04f26f8e8dc4b6b357052102ad7064d40087e21c"
  integrity sha512-Gv54Edtv7GnzZ253t1ooEtPuD+pCa5SavNmyQ7MQPdlMpLZZHXzX8vIvNIWlMHfPy+TvPX8ubRUzy1AoPxl5jA==

mime-db@1.52.0:
  version "1.52.0"
  resolved "https://registry.npmjs.org/mime-db/-/mime-db-1.52.0.tgz#bbabcdc02859f4987301c856e3387ce5ec43bf70"
  integrity sha512-sPU4uV7dYlvtWJxwwxHD0PuihVNiE7TyAbQ5SWxDCB9mUYvOgroQOwYQQOKPJ8CIbE+1ETVlOoK1UC2nU3gYvg==

mime-types@^2.1.12:
  version "2.1.35"
  resolved "https://registry.npmjs.org/mime-types/-/mime-types-2.1.35.tgz#381a871b62a734450660ae3deee44813f70d959a"
  integrity sha512-ZDY+bPm5zTTF+YpCrAU9nK0UgICYPT0QtT1NZWFv4s++TNkcgVaT0g6+4R2uI4MjQjzysHB1zxuWL50hzaeXiw==
  dependencies:
    mime-db "1.52.0"

proxy-from-env@^1.1.0:
  version "1.1.0"
  resolved "https://registry.npmjs.org/proxy-from-env/-/proxy-from-env-1.1.0.tgz#e102f16ca355424865755d2c9e8ea4f24d58c3e2"
  integrity sha512-D+zkORCbA9f1tdWRK0RaCR3GPv50cMxcrz4X8k5LTSUD1Dkw47mKJEZQNunItRTkWwgtaUSo1RVFRIG9ZXiFYg==

tslib@2.4.0:
  version "2.4.0"
  resolved "https://registry.npmjs.org/tslib/-/tslib-2.4.0.tgz#7cecaa7f073ce680a05847aa77be941098f36dc3"
  integrity sha512-d6xOpEDfsi2CZVlPQzGeux8XMwLT9hssAsaPYExaQMuYskwb+x1x7J371tWlbBdWHroy99KnVB6qIkUbs5X3UQ==

ws@8.5.0:
  version "8.5.0"
  resolved "https://registry.npmjs.org/ws/-/ws-8.5.0.tgz#bfb4be96600757fe5382de12c670dab984a1ed4f"
  integrity sha512-BWX0SWVgLPzYwF8lTzEy1egjhS4S4OEAHfsO8o65WOVsrnSRGaSiUaa9e0ggGlkMTtBlmOpEXiie9RUcBO86qg==
